
Microsoft Visual Studio Solution File, Format Version 12.00
# Visual Studio Version 17
VisualStudioVersion = 17.0.31903.59
MinimumVisualStudioVersion = 10.0.40219.1
Project("{2150E333-8FDC-42A3-9474-1A3956D46DE8}") = "src", "src", "{A3A525A9-C1E6-4C87-A811-8FA468B87139}"
EndProject
Project("{FAE04EC0-301F-11D3-BF4B-00C04F79EFBC}") = "AuctionService", "src\AuctionService\AuctionService.csproj", "{EDC15C9C-C2C1-4E85-B370-75A1DC358942}"
EndProject
Project("{FAE04EC0-301F-11D3-BF4B-00C04F79EFBC}") = "SearchService", "src\SearchService\SearchService.csproj", "{6C73DA58-9B55-4EAC-AEFD-61E99CA84291}"
EndProject
Global
	GlobalSection(SolutionConfigurationPlatforms) = preSolution
		Debug|Any CPU = Debug|Any CPU
		Release|Any CPU = Release|Any CPU
	EndGlobalSection
	GlobalSection(SolutionProperties) = preSolution
		HideSolutionNode = FALSE
	EndGlobalSection
	GlobalSection(ProjectConfigurationPlatforms) = postSolution
		{EDC15C9C-C2C1-4E85-B370-75A1DC358942}.Debug|Any CPU.ActiveCfg = Debug|Any CPU
		{EDC15C9C-C2C1-4E85-B370-75A1DC358942}.Debug|Any CPU.Build.0 = Debug|Any CPU
		{EDC15C9C-C2C1-4E85-B370-75A1DC358942}.Release|Any CPU.ActiveCfg = Release|Any CPU
		{EDC15C9C-C2C1-4E85-B370-75A1DC358942}.Release|Any CPU.Build.0 = Release|Any CPU
		{6C73DA58-9B55-4EAC-AEFD-61E99CA84291}.Debug|Any CPU.ActiveCfg = Debug|Any CPU
		{6C73DA58-9B55-4EAC-AEFD-61E99CA84291}.Debug|Any CPU.Build.0 = Debug|Any CPU
		{6C73DA58-9B55-4EAC-AEFD-61E99CA84291}.Release|Any CPU.ActiveCfg = Release|Any CPU
		{6C73DA58-9B55-4EAC-AEFD-61E99CA84291}.Release|Any CPU.Build.0 = Release|Any CPU
	EndGlobalSection
	GlobalSection(NestedProjects) = preSolution
		{EDC15C9C-C2C1-4E85-B370-75A1DC358942} = {A3A525A9-C1E6-4C87-A811-8FA468B87139}
		{6C73DA58-9B55-4EAC-AEFD-61E99CA84291} = {A3A525A9-C1E6-4C87-A811-8FA468B87139}
	EndGlobalSection
EndGlobal
